
Microsoft Visual Studio Solution File, Format Version 12.00
# Visual Studio Version 17
VisualStudioVersion = 17.9.34622.214
MinimumVisualStudioVersion = 10.0.40219.1
Project("{FAE04EC0-301F-11D3-BF4B-00C04F79EFBC}") = "Quiz-System.Server", "Quiz-System.Server\Quiz-System.Server.csproj", "{DD306F4C-BB9F-44B4-A392-706F1285EA9E}"
EndProject
Project("{54A90642-561A-4BB1-A94E-469ADEE60C69}") = "quiz-system.client", "quiz-system.client\quiz-system.client.esproj", "{8D34A5F8-518D-4434-ABA4-A55EA2583132}"
EndProject
Global
	GlobalSection(SolutionConfigurationPlatforms) = preSolution
		Debug|Any CPU = Debug|Any CPU
		Release|Any CPU = Release|Any CPU
	EndGlobalSection
	GlobalSection(ProjectConfigurationPlatforms) = postSolution
		{DD306F4C-BB9F-44B4-A392-706F1285EA9E}.Debug|Any CPU.ActiveCfg = Debug|Any CPU
		{DD306F4C-BB9F-44B4-A392-706F1285EA9E}.Debug|Any CPU.Build.0 = Debug|Any CPU
		{DD306F4C-BB9F-44B4-A392-706F1285EA9E}.Release|Any CPU.ActiveCfg = Release|Any CPU
		{DD306F4C-BB9F-44B4-A392-706F1285EA9E}.Release|Any CPU.Build.0 = Release|Any CPU
		{8D34A5F8-518D-4434-ABA4-A55EA2583132}.Debug|Any CPU.ActiveCfg = Debug|Any CPU
		{8D34A5F8-518D-4434-ABA4-A55EA2583132}.Debug|Any CPU.Build.0 = Debug|Any CPU
		{8D34A5F8-518D-4434-ABA4-A55EA2583132}.Debug|Any CPU.Deploy.0 = Debug|Any CPU
		{8D34A5F8-518D-4434-ABA4-A55EA2583132}.Release|Any CPU.ActiveCfg = Release|Any CPU
		{8D34A5F8-518D-4434-ABA4-A55EA2583132}.Release|Any CPU.Build.0 = Release|Any CPU
		{8D34A5F8-518D-4434-ABA4-A55EA2583132}.Release|Any CPU.Deploy.0 = Release|Any CPU
	EndGlobalSection
	GlobalSection(SolutionProperties) = preSolution
		HideSolutionNode = FALSE
	EndGlobalSection
	GlobalSection(ExtensibilityGlobals) = postSolution
		SolutionGuid = {BF8602D8-36FF-4DA7-88CE-3DE28CB10D64}
	EndGlobalSection
EndGlobal
